<?xml version="1.0" encoding="utf-8"?>
<Project ToolsVersion="4.0" xmlns="http://schemas.microsoft.com/developer/msbuild/2003">
  <ItemGroup>
    <Filter Include="Source Files">
      <UniqueIdentifier>{4FC737F1-C7A5-4376-A066-2A32D752A2FF}</UniqueIdentifier>
      <Extensions>cpp;c;cc;cxx;c++;cppm;ixx;def;odl;idl;hpj;bat;asm;asmx</Extensions>
    </Filter>
    <Filter Include="Header Files">
      <UniqueIdentifier>{93995380-89BD-4b04-88EB-625FBE52EBFB}</UniqueIdentifier>
      <Extensions>h;hh;hpp;hxx;h++;hm;inl;inc;ipp;xsd</Extensions>
    </Filter>
    <Filter Include="Resource Files">
      <UniqueIdentifier>{67DA6AB6-F800-4c08-8B7A-83BB121AAD01}</UniqueIdentifier>
      <Extensions>rc;ico;cur;bmp;dlg;rc2;rct;bin;rgs;gif;jpg;jpeg;jpe;resx;tiff;tif;png;wav;mfcribbon-ms</Extensions>
    </Filter>
    <Filter Include="Header Files\Ticket Header Files">
      <UniqueIdentifier>{346dcffd-12f0-44ab-9bcd-3c182974023f}</UniqueIdentifier>
    </Filter>
    <Filter Include="Header Files\Customer Header Files">
      <UniqueIdentifier>{72eb3ed6-d70d-4244-843b-e438a771efaa}</UniqueIdentifier>
    </Filter>
    <Filter Include="Header Files\Other Classes">
      <UniqueIdentifier>{474f6307-1e85-468f-b0c1-7b7b0f5a1eb2}</UniqueIdentifier>
    </Filter>
    <Filter Include="Header Files\Database Header File">
      <UniqueIdentifier>{5ace4e02-0dff-4d2e-9561-1da50600fce1}</UniqueIdentifier>
    </Filter>
  </ItemGroup>
  <ItemGroup>
    <ResourceCompile Include="app.rc">
      <Filter>Resource Files</Filter>
    </ResourceCompile>
  </ItemGroup>
  <ItemGroup>
    <ClInclude Include="Resource.h">
      <Filter>Header Files</Filter>
    </ClInclude>
    <ClInclude Include="pch.h">
      <Filter>Header Files</Filter>
    </ClInclude>
    <ClInclude Include="Form1.h">
      <Filter>Header Files</Filter>
    </ClInclude>
    <ClInclude Include="Header1.h">
      <Filter>Header Files</Filter>
    </ClInclude>
    <ClInclude Include="Header2.h">
      <Filter>Header Files</Filter>
    </ClInclude>
    <ClInclude Include="CppCLR_Utils.h">
      <Filter>Header Files</Filter>
    </ClInclude>
    <ClInclude Include="SimpleUnitTests.h">
      <Filter>Header Files</Filter>
    </ClInclude>
    <ClInclude Include="rk1_Utils_demo.h">
      <Filter>Header Files</Filter>
    </ClInclude>
    <ClInclude Include="BusinessTicket.h">
      <Filter>Header Files\Ticket Header Files</Filter>
    </ClInclude>
    <ClInclude Include="EconomyTicket.h">
      <Filter>Header Files\Ticket Header Files</Filter>
    </ClInclude>
    <ClInclude Include="Ticket.h">
      <Filter>Header Files\Ticket Header Files</Filter>
    </ClInclude>
    <ClInclude Include="Customer.h">
      <Filter>Header Files\Customer Header Files</Filter>
    </ClInclude>
    <ClInclude Include="Person.h">
      <Filter>Header Files\Other Classes</Filter>
    </ClInclude>
    <ClInclude Include="Admin.h">
      <Filter>Header Files\Other Classes</Filter>
    </ClInclude>
    <ClInclude Include="Vehicle.h">
      <Filter>Header Files\Other Classes</Filter>
    </ClInclude>
    <ClInclude Include="Database.h">
      <Filter>Header Files\Database Header File</Filter>
    </ClInclude>
    <ClInclude Include="mapper.h">
      <Filter>Header Files\Other Classes</Filter>
    </ClInclude>
  </ItemGroup>
  <ItemGroup>
    <ClCompile Include="CppCLR_WinFormsProject.cpp">
      <Filter>Source Files</Filter>
    </ClCompile>
    <ClCompile Include="AssemblyInfo.cpp">
      <Filter>Source Files</Filter>
    </ClCompile>
    <ClCompile Include="pch.cpp">
      <Filter>Source Files</Filter>
    </ClCompile>
    <ClCompile Include="Form1.cpp">
      <Filter>Source Files</Filter>
    </ClCompile>
    <ClCompile Include="Ticket.cpp">
      <Filter>Source Files</Filter>
    </ClCompile>
    <ClCompile Include="EconomyTicket.cpp">
      <Filter>Source Files</Filter>
    </ClCompile>
    <ClCompile Include="Admin.cpp">
      <Filter>Source Files</Filter>
    </ClCompile>
    <ClCompile Include="Customer.cpp">
      <Filter>Source Files</Filter>
    </ClCompile>
    <ClCompile Include="Person.cpp">
      <Filter>Source Files</Filter>
    </ClCompile>
    <ClCompile Include="Vehicle.cpp">
      <Filter>Source Files</Filter>
    </ClCompile>
    <ClCompile Include="Database.cpp">
      <Filter>Source Files</Filter>
    </ClCompile>
    <ClCompile Include="BusinessTicket.cpp">
      <Filter>Source Files</Filter>
    </ClCompile>
    <ClCompile Include="mapper.cpp">
      <Filter>Source Files</Filter>
    </ClCompile>
  </ItemGroup>
  <ItemGroup>
    <Image Include="app.ico">
      <Filter>Resource Files</Filter>
    </Image>
  </ItemGroup>
</Project>